{
  "name": "Amana",
  "lockfileVersion": 3,
  "requires": true,
  "packages": {
    "": {
      "devDependencies": {
        "@types/yamljs": "^0.2.34"
      }
    },
    "node_modules/@types/yamljs": {
      "version": "0.2.34",
      "resolved": "https://registry.npmjs.org/@types/yamljs/-/yamljs-0.2.34.tgz",
      "integrity": "sha512-gJvfRlv9ErxdOv7ux7UsJVePtX54NAvQyd8ncoiFqK8G5aeHIfQfGH2fbruvjAQ9657HwAaO54waS+Dsk2QTUQ==",
      "dev": true,
      "license": "MIT"
    }
  }
}
